
Microsoft Visual Studio Solution File, Format Version 12.00
# Visual Studio 15
VisualStudioVersion = 15.0.27703.2042
MinimumVisualStudioVersion = 10.0.40219.1
Project("{FAE04EC0-301F-11D3-BF4B-00C04F79EFBC}") = "GameConsole", "GameConsole\GameConsole.csproj", "{17D43FC3-7A82-45FC-9482-6EEAB270365F}"
EndProject
Global
	GlobalSection(SolutionConfigurationPlatforms) = preSolution
		Debug|Any CPU = Debug|Any CPU
		Release|Any CPU = Release|Any CPU
	EndGlobalSection
	GlobalSection(ProjectConfigurationPlatforms) = postSolution
		{17D43FC3-7A82-45FC-9482-6EEAB270365F}.Debug|Any CPU.ActiveCfg = Debug|Any CPU
		{17D43FC3-7A82-45FC-9482-6EEAB270365F}.Debug|Any CPU.Build.0 = Debug|Any CPU
		{17D43FC3-7A82-45FC-9482-6EEAB270365F}.Release|Any CPU.ActiveCfg = Release|Any CPU
		{17D43FC3-7A82-45FC-9482-6EEAB270365F}.Release|Any CPU.Build.0 = Release|Any CPU
	EndGlobalSection
	GlobalSection(SolutionProperties) = preSolution
		HideSolutionNode = FALSE
	EndGlobalSection
	GlobalSection(ExtensibilityGlobals) = postSolution
		SolutionGuid = {7DA7E001-255C-4E85-BB7B-0B846FFE126E}
	EndGlobalSection
EndGlobal
